
Microsoft Visual Studio Solution File, Format Version 12.00
# Visual Studio Version 16
VisualStudioVersion = 16.0.31112.23
MinimumVisualStudioVersion = 10.0.40219.1
Project("{FAE04EC0-301F-11D3-BF4B-00C04F79EFBC}") = "FoodCatering", "FoodCatering.csproj", "{00B50C47-329A-4806-9D3B-E03EB79E498F}"
EndProject
Global
	GlobalSection(SolutionConfigurationPlatforms) = preSolution
		Debug|Any CPU = Debug|Any CPU
		Release|Any CPU = Release|Any CPU
	EndGlobalSection
	GlobalSection(ProjectConfigurationPlatforms) = postSolution
		{00B50C47-329A-4806-9D3B-E03EB79E498F}.Debug|Any CPU.ActiveCfg = Debug|Any CPU
		{00B50C47-329A-4806-9D3B-E03EB79E498F}.Debug|Any CPU.Build.0 = Debug|Any CPU
		{00B50C47-329A-4806-9D3B-E03EB79E498F}.Release|Any CPU.ActiveCfg = Release|Any CPU
		{00B50C47-329A-4806-9D3B-E03EB79E498F}.Release|Any CPU.Build.0 = Release|Any CPU
	EndGlobalSection
	GlobalSection(SolutionProperties) = preSolution
		HideSolutionNode = FALSE
	EndGlobalSection
	GlobalSection(ExtensibilityGlobals) = postSolution
		SolutionGuid = {8FB34A72-BE5D-4B95-9ED6-E96959A0D089}
	EndGlobalSection
EndGlobal
